
Microsoft Visual Studio Solution File, Format Version 12.00
# Visual Studio Version 16
VisualStudioVersion = 16.0.31624.102
MinimumVisualStudioVersion = 10.0.40219.1
Project("{FAE04EC0-301F-11D3-BF4B-00C04F79EFBC}") = "Gneric function", "Gneric function\Gneric function.csproj", "{FDC00FDD-80A4-453E-9FD4-F9B8397CF385}"
EndProject
Global
	GlobalSection(SolutionConfigurationPlatforms) = preSolution
		Debug|Any CPU = Debug|Any CPU
		Release|Any CPU = Release|Any CPU
	EndGlobalSection
	GlobalSection(ProjectConfigurationPlatforms) = postSolution
		{FDC00FDD-80A4-453E-9FD4-F9B8397CF385}.Debug|Any CPU.ActiveCfg = Debug|Any CPU
		{FDC00FDD-80A4-453E-9FD4-F9B8397CF385}.Debug|Any CPU.Build.0 = Debug|Any CPU
		{FDC00FDD-80A4-453E-9FD4-F9B8397CF385}.Release|Any CPU.ActiveCfg = Release|Any CPU
		{FDC00FDD-80A4-453E-9FD4-F9B8397CF385}.Release|Any CPU.Build.0 = Release|Any CPU
	EndGlobalSection
	GlobalSection(SolutionProperties) = preSolution
		HideSolutionNode = FALSE
	EndGlobalSection
	GlobalSection(ExtensibilityGlobals) = postSolution
		SolutionGuid = {BE80A732-9CBC-423D-B777-58D36EEF5F23}
	EndGlobalSection
EndGlobal
