
Microsoft Visual Studio Solution File, Format Version 12.00
# Visual Studio Version 16
VisualStudioVersion = 16.0.31624.102
MinimumVisualStudioVersion = 10.0.40219.1
Project("{FAE04EC0-301F-11D3-BF4B-00C04F79EFBC}") = "project admin", "project admin\project admin.csproj", "{8D1BF218-33D2-4B14-8FD8-4697FC9D5C99}"
EndProject
Global
	GlobalSection(SolutionConfigurationPlatforms) = preSolution
		Debug|Any CPU = Debug|Any CPU
		Release|Any CPU = Release|Any CPU
	EndGlobalSection
	GlobalSection(ProjectConfigurationPlatforms) = postSolution
		{8D1BF218-33D2-4B14-8FD8-4697FC9D5C99}.Debug|Any CPU.ActiveCfg = Debug|Any CPU
		{8D1BF218-33D2-4B14-8FD8-4697FC9D5C99}.Debug|Any CPU.Build.0 = Debug|Any CPU
		{8D1BF218-33D2-4B14-8FD8-4697FC9D5C99}.Release|Any CPU.ActiveCfg = Release|Any CPU
		{8D1BF218-33D2-4B14-8FD8-4697FC9D5C99}.Release|Any CPU.Build.0 = Release|Any CPU
	EndGlobalSection
	GlobalSection(SolutionProperties) = preSolution
		HideSolutionNode = FALSE
	EndGlobalSection
	GlobalSection(ExtensibilityGlobals) = postSolution
		SolutionGuid = {6EDF6997-DC6B-4ED5-96A6-FDE8ED1DB463}
	EndGlobalSection
EndGlobal
